
Microsoft Visual Studio Solution File, Format Version 12.00
# Visual Studio 15
VisualStudioVersion = 15.0.28010.2046
MinimumVisualStudioVersion = 10.0.40219.1
Project("{FAE04EC0-301F-11D3-BF4B-00C04F79EFBC}") = "gms2server", "gms2server\gms2server.csproj", "{B64E4BC5-0B8A-41BB-BA92-6632DB0991EB}"
EndProject
Global
	GlobalSection(SolutionConfigurationPlatforms) = preSolution
		Debug|Any CPU = Debug|Any CPU
		Release|Any CPU = Release|Any CPU
	EndGlobalSection
	GlobalSection(ProjectConfigurationPlatforms) = postSolution
		{B64E4BC5-0B8A-41BB-BA92-6632DB0991EB}.Debug|Any CPU.ActiveCfg = Debug|Any CPU
		{B64E4BC5-0B8A-41BB-BA92-6632DB0991EB}.Debug|Any CPU.Build.0 = Debug|Any CPU
		{B64E4BC5-0B8A-41BB-BA92-6632DB0991EB}.Release|Any CPU.ActiveCfg = Release|Any CPU
		{B64E4BC5-0B8A-41BB-BA92-6632DB0991EB}.Release|Any CPU.Build.0 = Release|Any CPU
	EndGlobalSection
	GlobalSection(SolutionProperties) = preSolution
		HideSolutionNode = FALSE
	EndGlobalSection
	GlobalSection(ExtensibilityGlobals) = postSolution
		SolutionGuid = {208F10EA-400B-4761-B737-9A9B42DD120A}
	EndGlobalSection
EndGlobal
